{
  "object": {
    "pins": [
      {
        "package": "Mocker",
        "repositoryURL": "https://github.com/WeTransfer/Mocker.git",
        "state": {
          "branch": null,
          "revision": "077c52a31f5ebb649ebe546cc77d8647760b2279",
          "version": "2.5.5"
        }
      }
    ]
  },
  "version": 1
}
